
Microsoft Visual Studio Solution File, Format Version 12.00
# Visual Studio Version 16
VisualStudioVersion = 16.0.31702.278
MinimumVisualStudioVersion = 10.0.40219.1
Project("{FAE04EC0-301F-11D3-BF4B-00C04F79EFBC}") = "WeatherApp.UWP", "WeatherApp\WeatherApp.UWP\WeatherApp.UWP.csproj", "{BFA1DEAA-B485-41EB-B3CB-B14DA4F0EE20}"
EndProject
Project("{FAE04EC0-301F-11D3-BF4B-00C04F79EFBC}") = "WeatherApp.Android", "WeatherApp\WeatherApp.Android\WeatherApp.Android.csproj", "{91CCD24C-31A2-4238-960D-9857D00E2506}"
EndProject
Project("{FAE04EC0-301F-11D3-BF4B-00C04F79EFBC}") = "WeatherApp.iOS", "WeatherApp\WeatherApp.iOS\WeatherApp.iOS.csproj", "{C086C313-512C-46D7-9267-3EAF5A1F6573}"
EndProject
Project("{FAE04EC0-301F-11D3-BF4B-00C04F79EFBC}") = "WeatherApp", "WeatherApp\WeatherApp\WeatherApp.csproj", "{F3885FC3-B9F1-4F8E-ACB7-F4CF1BB5FD65}"
EndProject
Global
	GlobalSection(SolutionConfigurationPlatforms) = preSolution
		Debug|Any CPU = Debug|Any CPU
		Debug|ARM = Debug|ARM
		Debug|iPhone = Debug|iPhone
		Debug|iPhoneSimulator = Debug|iPhoneSimulator
		Debug|x64 = Debug|x64
		Debug|x86 = Debug|x86
		Release|Any CPU = Release|Any CPU
		Release|ARM = Release|ARM
		Release|iPhone = Release|iPhone
		Release|iPhoneSimulator = Release|iPhoneSimulator
		Release|x64 = Release|x64
		Release|x86 = Release|x86
	EndGlobalSection
	GlobalSection(ProjectConfigurationPlatforms) = postSolution
		{BFA1DEAA-B485-41EB-B3CB-B14DA4F0EE20}.Debug|Any CPU.ActiveCfg = Debug|x86
		{BFA1DEAA-B485-41EB-B3CB-B14DA4F0EE20}.Debug|Any CPU.Build.0 = Debug|x86
		{BFA1DEAA-B485-41EB-B3CB-B14DA4F0EE20}.Debug|Any CPU.Deploy.0 = Debug|x86
		{BFA1DEAA-B485-41EB-B3CB-B14DA4F0EE20}.Debug|ARM.ActiveCfg = Debug|ARM
		{BFA1DEAA-B485-41EB-B3CB-B14DA4F0EE20}.Debug|ARM.Build.0 = Debug|ARM
		{BFA1DEAA-B485-41EB-B3CB-B14DA4F0EE20}.Debug|ARM.Deploy.0 = Debug|ARM
		{BFA1DEAA-B485-41EB-B3CB-B14DA4F0EE20}.Debug|iPhone.ActiveCfg = Debug|x86
		{BFA1DEAA-B485-41EB-B3CB-B14DA4F0EE20}.Debug|iPhone.Build.0 = Debug|x86
		{BFA1DEAA-B485-41EB-B3CB-B14DA4F0EE20}.Debug|iPhone.Deploy.0 = Debug|x86
		{BFA1DEAA-B485-41EB-B3CB-B14DA4F0EE20}.Debug|iPhoneSimulator.ActiveCfg = Debug|x86
		{BFA1DEAA-B485-41EB-B3CB-B14DA4F0EE20}.Debug|iPhoneSimulator.Build.0 = Debug|x86
		{BFA1DEAA-B485-41EB-B3CB-B14DA4F0EE20}.Debug|iPhoneSimulator.Deploy.0 = Debug|x86
		{BFA1DEAA-B485-41EB-B3CB-B14DA4F0EE20}.Debug|x64.ActiveCfg = Debug|x64
		{BFA1DEAA-B485-41EB-B3CB-B14DA4F0EE20}.Debug|x64.Build.0 = Debug|x64
		{BFA1DEAA-B485-41EB-B3CB-B14DA4F0EE20}.Debug|x64.Deploy.0 = Debug|x64
		{BFA1DEAA-B485-41EB-B3CB-B14DA4F0EE20}.Debug|x86.ActiveCfg = Debug|x86
		{BFA1DEAA-B485-41EB-B3CB-B14DA4F0EE20}.Debug|x86.Build.0 = Debug|x86
		{BFA1DEAA-B485-41EB-B3CB-B14DA4F0EE20}.Debug|x86.Deploy.0 = Debug|x86
		{BFA1DEAA-B485-41EB-B3CB-B14DA4F0EE20}.Release|Any CPU.ActiveCfg = Release|x86
		{BFA1DEAA-B485-41EB-B3CB-B14DA4F0EE20}.Release|Any CPU.Build.0 = Release|x86
		{BFA1DEAA-B485-41EB-B3CB-B14DA4F0EE20}.Release|Any CPU.Deploy.0 = Release|x86
		{BFA1DEAA-B485-41EB-B3CB-B14DA4F0EE20}.Release|ARM.ActiveCfg = Release|ARM
		{BFA1DEAA-B485-41EB-B3CB-B14DA4F0EE20}.Release|ARM.Build.0 = Release|ARM
		{BFA1DEAA-B485-41EB-B3CB-B14DA4F0EE20}.Release|ARM.Deploy.0 = Release|ARM
		{BFA1DEAA-B485-41EB-B3CB-B14DA4F0EE20}.Release|iPhone.ActiveCfg = Release|x86
		{BFA1DEAA-B485-41EB-B3CB-B14DA4F0EE20}.Release|iPhone.Build.0 = Release|x86
		{BFA1DEAA-B485-41EB-B3CB-B14DA4F0EE20}.Release|iPhone.Deploy.0 = Release|x86
		{BFA1DEAA-B485-41EB-B3CB-B14DA4F0EE20}.Release|iPhoneSimulator.ActiveCfg = Release|x86
		{BFA1DEAA-B485-41EB-B3CB-B14DA4F0EE20}.Release|iPhoneSimulator.Build.0 = Release|x86
		{BFA1DEAA-B485-41EB-B3CB-B14DA4F0EE20}.Release|iPhoneSimulator.Deploy.0 = Release|x86
		{BFA1DEAA-B485-41EB-B3CB-B14DA4F0EE20}.Release|x64.ActiveCfg = Release|x64
		{BFA1DEAA-B485-41EB-B3CB-B14DA4F0EE20}.Release|x64.Build.0 = Release|x64
		{BFA1DEAA-B485-41EB-B3CB-B14DA4F0EE20}.Release|x64.Deploy.0 = Release|x64
		{BFA1DEAA-B485-41EB-B3CB-B14DA4F0EE20}.Release|x86.ActiveCfg = Release|x86
		{BFA1DEAA-B485-41EB-B3CB-B14DA4F0EE20}.Release|x86.Build.0 = Release|x86
		{BFA1DEAA-B485-41EB-B3CB-B14DA4F0EE20}.Release|x86.Deploy.0 = Release|x86
		{91CCD24C-31A2-4238-960D-9857D00E2506}.Debug|Any CPU.ActiveCfg = Debug|Any CPU
		{91CCD24C-31A2-4238-960D-9857D00E2506}.Debug|Any CPU.Build.0 = Debug|Any CPU
		{91CCD24C-31A2-4238-960D-9857D00E2506}.Debug|Any CPU.Deploy.0 = Debug|Any CPU
		{91CCD24C-31A2-4238-960D-9857D00E2506}.Debug|ARM.ActiveCfg = Debug|Any CPU
		{91CCD24C-31A2-4238-960D-9857D00E2506}.Debug|ARM.Build.0 = Debug|Any CPU
		{91CCD24C-31A2-4238-960D-9857D00E2506}.Debug|ARM.Deploy.0 = Debug|Any CPU
		{91CCD24C-31A2-4238-960D-9857D00E2506}.Debug|iPhone.ActiveCfg = Debug|Any CPU
		{91CCD24C-31A2-4238-960D-9857D00E2506}.Debug|iPhone.Build.0 = Debug|Any CPU
		{91CCD24C-31A2-4238-960D-9857D00E2506}.Debug|iPhone.Deploy.0 = Debug|Any CPU
		{91CCD24C-31A2-4238-960D-9857D00E2506}.Debug|iPhoneSimulator.ActiveCfg = Debug|Any CPU
		{91CCD24C-31A2-4238-960D-9857D00E2506}.Debug|iPhoneSimulator.Build.0 = Debug|Any CPU
		{91CCD24C-31A2-4238-960D-9857D00E2506}.Debug|iPhoneSimulator.Deploy.0 = Debug|Any CPU
		{91CCD24C-31A2-4238-960D-9857D00E2506}.Debug|x64.ActiveCfg = Debug|Any CPU
		{91CCD24C-31A2-4238-960D-9857D00E2506}.Debug|x64.Build.0 = Debug|Any CPU
		{91CCD24C-31A2-4238-960D-9857D00E2506}.Debug|x64.Deploy.0 = Debug|Any CPU
		{91CCD24C-31A2-4238-960D-9857D00E2506}.Debug|x86.ActiveCfg = Debug|Any CPU
		{91CCD24C-31A2-4238-960D-9857D00E2506}.Debug|x86.Build.0 = Debug|Any CPU
		{91CCD24C-31A2-4238-960D-9857D00E2506}.Debug|x86.Deploy.0 = Debug|Any CPU
		{91CCD24C-31A2-4238-960D-9857D00E2506}.Release|Any CPU.ActiveCfg = Release|Any CPU
		{91CCD24C-31A2-4238-960D-9857D00E2506}.Release|Any CPU.Build.0 = Release|Any CPU
		{91CCD24C-31A2-4238-960D-9857D00E2506}.Release|Any CPU.Deploy.0 = Release|Any CPU
		{91CCD24C-31A2-4238-960D-9857D00E2506}.Release|ARM.ActiveCfg = Release|Any CPU
		{91CCD24C-31A2-4238-960D-9857D00E2506}.Release|ARM.Build.0 = Release|Any CPU
		{91CCD24C-31A2-4238-960D-9857D00E2506}.Release|ARM.Deploy.0 = Release|Any CPU
		{91CCD24C-31A2-4238-960D-9857D00E2506}.Release|iPhone.ActiveCfg = Release|Any CPU
		{91CCD24C-31A2-4238-960D-9857D00E2506}.Release|iPhone.Build.0 = Release|Any CPU
		{91CCD24C-31A2-4238-960D-9857D00E2506}.Release|iPhone.Deploy.0 = Release|Any CPU
		{91CCD24C-31A2-4238-960D-9857D00E2506}.Release|iPhoneSimulator.ActiveCfg = Release|Any CPU
		{91CCD24C-31A2-4238-960D-9857D00E2506}.Release|iPhoneSimulator.Build.0 = Release|Any CPU
		{91CCD24C-31A2-4238-960D-9857D00E2506}.Release|iPhoneSimulator.Deploy.0 = Release|Any CPU
		{91CCD24C-31A2-4238-960D-9857D00E2506}.Release|x64.ActiveCfg = Release|Any CPU
		{91CCD24C-31A2-4238-960D-9857D00E2506}.Release|x64.Build.0 = Release|Any CPU
		{91CCD24C-31A2-4238-960D-9857D00E2506}.Release|x64.Deploy.0 = Release|Any CPU
		{91CCD24C-31A2-4238-960D-9857D00E2506}.Release|x86.ActiveCfg = Release|Any CPU
		{91CCD24C-31A2-4238-960D-9857D00E2506}.Release|x86.Build.0 = Release|Any CPU
		{91CCD24C-31A2-4238-960D-9857D00E2506}.Release|x86.Deploy.0 = Release|Any CPU
		{C086C313-512C-46D7-9267-3EAF5A1F6573}.Debug|Any CPU.ActiveCfg = Debug|iPhoneSimulator
		{C086C313-512C-46D7-9267-3EAF5A1F6573}.Debug|Any CPU.Build.0 = Debug|iPhoneSimulator
		{C086C313-512C-46D7-9267-3EAF5A1F6573}.Debug|Any CPU.Deploy.0 = Debug|iPhoneSimulator
		{C086C313-512C-46D7-9267-3EAF5A1F6573}.Debug|ARM.ActiveCfg = Debug|iPhone
		{C086C313-512C-46D7-9267-3EAF5A1F6573}.Debug|ARM.Build.0 = Debug|iPhone
		{C086C313-512C-46D7-9267-3EAF5A1F6573}.Debug|ARM.Deploy.0 = Debug|iPhone
		{C086C313-512C-46D7-9267-3EAF5A1F6573}.Debug|iPhone.ActiveCfg = Debug|iPhone
		{C086C313-512C-46D7-9267-3EAF5A1F6573}.Debug|iPhone.Build.0 = Debug|iPhone
		{C086C313-512C-46D7-9267-3EAF5A1F6573}.Debug|iPhone.Deploy.0 = Debug|iPhone
		{C086C313-512C-46D7-9267-3EAF5A1F6573}.Debug|iPhoneSimulator.ActiveCfg = Debug|iPhoneSimulator
		{C086C313-512C-46D7-9267-3EAF5A1F6573}.Debug|iPhoneSimulator.Build.0 = Debug|iPhoneSimulator
		{C086C313-512C-46D7-9267-3EAF5A1F6573}.Debug|iPhoneSimulator.Deploy.0 = Debug|iPhoneSimulator
		{C086C313-512C-46D7-9267-3EAF5A1F6573}.Debug|x64.ActiveCfg = Debug|iPhoneSimulator
		{C086C313-512C-46D7-9267-3EAF5A1F6573}.Debug|x64.Build.0 = Debug|iPhoneSimulator
		{C086C313-512C-46D7-9267-3EAF5A1F6573}.Debug|x64.Deploy.0 = Debug|iPhoneSimulator
		{C086C313-512C-46D7-9267-3EAF5A1F6573}.Debug|x86.ActiveCfg = Debug|iPhoneSimulator
		{C086C313-512C-46D7-9267-3EAF5A1F6573}.Debug|x86.Build.0 = Debug|iPhoneSimulator
		{C086C313-512C-46D7-9267-3EAF5A1F6573}.Debug|x86.Deploy.0 = Debug|iPhoneSimulator
		{C086C313-512C-46D7-9267-3EAF5A1F6573}.Release|Any CPU.ActiveCfg = Release|iPhoneSimulator
		{C086C313-512C-46D7-9267-3EAF5A1F6573}.Release|Any CPU.Build.0 = Release|iPhoneSimulator
		{C086C313-512C-46D7-9267-3EAF5A1F6573}.Release|Any CPU.Deploy.0 = Release|iPhoneSimulator
		{C086C313-512C-46D7-9267-3EAF5A1F6573}.Release|ARM.ActiveCfg = Release|iPhoneSimulator
		{C086C313-512C-46D7-9267-3EAF5A1F6573}.Release|ARM.Build.0 = Release|iPhoneSimulator
		{C086C313-512C-46D7-9267-3EAF5A1F6573}.Release|ARM.Deploy.0 = Release|iPhoneSimulator
		{C086C313-512C-46D7-9267-3EAF5A1F6573}.Release|iPhone.ActiveCfg = Release|iPhone
		{C086C313-512C-46D7-9267-3EAF5A1F6573}.Release|iPhone.Build.0 = Release|iPhone
		{C086C313-512C-46D7-9267-3EAF5A1F6573}.Release|iPhone.Deploy.0 = Release|iPhone
		{C086C313-512C-46D7-9267-3EAF5A1F6573}.Release|iPhoneSimulator.ActiveCfg = Release|iPhoneSimulator
		{C086C313-512C-46D7-9267-3EAF5A1F6573}.Release|iPhoneSimulator.Build.0 = Release|iPhoneSimulator
		{C086C313-512C-46D7-9267-3EAF5A1F6573}.Release|iPhoneSimulator.Deploy.0 = Release|iPhoneSimulator
		{C086C313-512C-46D7-9267-3EAF5A1F6573}.Release|x64.ActiveCfg = Release|iPhoneSimulator
		{C086C313-512C-46D7-9267-3EAF5A1F6573}.Release|x64.Build.0 = Release|iPhoneSimulator
		{C086C313-512C-46D7-9267-3EAF5A1F6573}.Release|x64.Deploy.0 = Release|iPhoneSimulator
		{C086C313-512C-46D7-9267-3EAF5A1F6573}.Release|x86.ActiveCfg = Release|iPhoneSimulator
		{C086C313-512C-46D7-9267-3EAF5A1F6573}.Release|x86.Build.0 = Release|iPhoneSimulator
		{C086C313-512C-46D7-9267-3EAF5A1F6573}.Release|x86.Deploy.0 = Release|iPhoneSimulator
		{F3885FC3-B9F1-4F8E-ACB7-F4CF1BB5FD65}.Debug|Any CPU.ActiveCfg = Debug|Any CPU
		{F3885FC3-B9F1-4F8E-ACB7-F4CF1BB5FD65}.Debug|Any CPU.Build.0 = Debug|Any CPU
		{F3885FC3-B9F1-4F8E-ACB7-F4CF1BB5FD65}.Debug|Any CPU.Deploy.0 = Debug|Any CPU
		{F3885FC3-B9F1-4F8E-ACB7-F4CF1BB5FD65}.Debug|ARM.ActiveCfg = Debug|Any CPU
		{F3885FC3-B9F1-4F8E-ACB7-F4CF1BB5FD65}.Debug|ARM.Build.0 = Debug|Any CPU
		{F3885FC3-B9F1-4F8E-ACB7-F4CF1BB5FD65}.Debug|ARM.Deploy.0 = Debug|Any CPU
		{F3885FC3-B9F1-4F8E-ACB7-F4CF1BB5FD65}.Debug|iPhone.ActiveCfg = Debug|Any CPU
		{F3885FC3-B9F1-4F8E-ACB7-F4CF1BB5FD65}.Debug|iPhone.Build.0 = Debug|Any CPU
		{F3885FC3-B9F1-4F8E-ACB7-F4CF1BB5FD65}.Debug|iPhone.Deploy.0 = Debug|Any CPU
		{F3885FC3-B9F1-4F8E-ACB7-F4CF1BB5FD65}.Debug|iPhoneSimulator.ActiveCfg = Debug|Any CPU
		{F3885FC3-B9F1-4F8E-ACB7-F4CF1BB5FD65}.Debug|iPhoneSimulator.Build.0 = Debug|Any CPU
		{F3885FC3-B9F1-4F8E-ACB7-F4CF1BB5FD65}.Debug|iPhoneSimulator.Deploy.0 = Debug|Any CPU
		{F3885FC3-B9F1-4F8E-ACB7-F4CF1BB5FD65}.Debug|x64.ActiveCfg = Debug|Any CPU
		{F3885FC3-B9F1-4F8E-ACB7-F4CF1BB5FD65}.Debug|x64.Build.0 = Debug|Any CPU
		{F3885FC3-B9F1-4F8E-ACB7-F4CF1BB5FD65}.Debug|x64.Deploy.0 = Debug|Any CPU
		{F3885FC3-B9F1-4F8E-ACB7-F4CF1BB5FD65}.Debug|x86.ActiveCfg = Debug|Any CPU
		{F3885FC3-B9F1-4F8E-ACB7-F4CF1BB5FD65}.Debug|x86.Build.0 = Debug|Any CPU
		{F3885FC3-B9F1-4F8E-ACB7-F4CF1BB5FD65}.Debug|x86.Deploy.0 = Debug|Any CPU
		{F3885FC3-B9F1-4F8E-ACB7-F4CF1BB5FD65}.Release|Any CPU.ActiveCfg = Release|Any CPU
		{F3885FC3-B9F1-4F8E-ACB7-F4CF1BB5FD65}.Release|Any CPU.Build.0 = Release|Any CPU
		{F3885FC3-B9F1-4F8E-ACB7-F4CF1BB5FD65}.Release|Any CPU.Deploy.0 = Release|Any CPU
		{F3885FC3-B9F1-4F8E-ACB7-F4CF1BB5FD65}.Release|ARM.ActiveCfg = Release|Any CPU
		{F3885FC3-B9F1-4F8E-ACB7-F4CF1BB5FD65}.Release|ARM.Build.0 = Release|Any CPU
		{F3885FC3-B9F1-4F8E-ACB7-F4CF1BB5FD65}.Release|ARM.Deploy.0 = Release|Any CPU
		{F3885FC3-B9F1-4F8E-ACB7-F4CF1BB5FD65}.Release|iPhone.ActiveCfg = Release|Any CPU
		{F3885FC3-B9F1-4F8E-ACB7-F4CF1BB5FD65}.Release|iPhone.Build.0 = Release|Any CPU
		{F3885FC3-B9F1-4F8E-ACB7-F4CF1BB5FD65}.Release|iPhone.Deploy.0 = Release|Any CPU
		{F3885FC3-B9F1-4F8E-ACB7-F4CF1BB5FD65}.Release|iPhoneSimulator.ActiveCfg = Release|Any CPU
		{F3885FC3-B9F1-4F8E-ACB7-F4CF1BB5FD65}.Release|iPhoneSimulator.Build.0 = Release|Any CPU
		{F3885FC3-B9F1-4F8E-ACB7-F4CF1BB5FD65}.Release|iPhoneSimulator.Deploy.0 = Release|Any CPU
		{F3885FC3-B9F1-4F8E-ACB7-F4CF1BB5FD65}.Release|x64.ActiveCfg = Release|Any CPU
		{F3885FC3-B9F1-4F8E-ACB7-F4CF1BB5FD65}.Release|x64.Build.0 = Release|Any CPU
		{F3885FC3-B9F1-4F8E-ACB7-F4CF1BB5FD65}.Release|x64.Deploy.0 = Release|Any CPU
		{F3885FC3-B9F1-4F8E-ACB7-F4CF1BB5FD65}.Release|x86.ActiveCfg = Release|Any CPU
		{F3885FC3-B9F1-4F8E-ACB7-F4CF1BB5FD65}.Release|x86.Build.0 = Release|Any CPU
		{F3885FC3-B9F1-4F8E-ACB7-F4CF1BB5FD65}.Release|x86.Deploy.0 = Release|Any CPU
	EndGlobalSection
	GlobalSection(SolutionProperties) = preSolution
		HideSolutionNode = FALSE
	EndGlobalSection
	GlobalSection(ExtensibilityGlobals) = postSolution
		SolutionGuid = {39590F40-2D68-4634-879F-393263BEB53E}
	EndGlobalSection
EndGlobal
